
Microsoft Visual Studio Solution File, Format Version 12.00
# Visual Studio Version 17
VisualStudioVersion = 17.9.34714.143
MinimumVisualStudioVersion = 10.0.40219.1
Project("{FAE04EC0-301F-11D3-BF4B-00C04F79EFBC}") = "LivrariaAPI", "LivrariaAPI\LivrariaAPI.csproj", "{13BD1D3B-0EE3-4F5C-9F12-8373E4B1E20D}"
EndProject
Global
	GlobalSection(SolutionConfigurationPlatforms) = preSolution
		Debug|Any CPU = Debug|Any CPU
		Release|Any CPU = Release|Any CPU
	EndGlobalSection
	GlobalSection(ProjectConfigurationPlatforms) = postSolution
		{13BD1D3B-0EE3-4F5C-9F12-8373E4B1E20D}.Debug|Any CPU.ActiveCfg = Debug|Any CPU
		{13BD1D3B-0EE3-4F5C-9F12-8373E4B1E20D}.Debug|Any CPU.Build.0 = Debug|Any CPU
		{13BD1D3B-0EE3-4F5C-9F12-8373E4B1E20D}.Release|Any CPU.ActiveCfg = Release|Any CPU
		{13BD1D3B-0EE3-4F5C-9F12-8373E4B1E20D}.Release|Any CPU.Build.0 = Release|Any CPU
	EndGlobalSection
	GlobalSection(SolutionProperties) = preSolution
		HideSolutionNode = FALSE
	EndGlobalSection
	GlobalSection(ExtensibilityGlobals) = postSolution
		SolutionGuid = {60896304-9C51-4A5D-9420-F8754ECB8AFF}
	EndGlobalSection
EndGlobal
